// !$*UTF8*$!
{
	archiveVersion = 1;
	classes = {
	};
	objectVersion = 50;
	objects = {

/* Begin PBXBuildFile section */
		143EDA5F25A6B9E200205463 /* AppDelegate.swift in Sources */ = {isa = PBXBuildFile; fileRef = 143EDA5E25A6B9E200205463 /* AppDelegate.swift */; };
		143EDA6125A6B9E200205463 /* SceneDelegate.swift in Sources */ = {isa = PBXBuildFile; fileRef = 143EDA6025A6B9E200205463 /* SceneDelegate.swift */; };
		143EDA6325A6B9E200205463 /* ViewController.swift in Sources */ = {isa = PBXBuildFile; fileRef = 143EDA6225A6B9E200205463 /* ViewController.swift */; };
		143EDA6625A6B9E200205463 /* Main.storyboard in Resources */ = {isa = PBXBuildFile; fileRef = 143EDA6425A6B9E200205463 /* Main.storyboard */; };
		143EDA6825A6B9E400205463 /* Assets.xcassets in Resources */ = {isa = PBXBuildFile; fileRef = 143EDA6725A6B9E400205463 /* Assets.xcassets */; };
		143EDA6B25A6B9E400205463 /* LaunchScreen.storyboard in Resources */ = {isa = PBXBuildFile; fileRef = 143EDA6925A6B9E400205463 /* LaunchScreen.storyboard */; };
		14E3F9F525A73AC500BF0879 /* ResultViewController.swift in Sources */ = {isa = PBXBuildFile; fileRef = 14E3F9F425A73AC500BF0879 /* ResultViewController.swift */; };
/* End PBXBuildFile section */

/* Begin PBXFileReference section */
		143EDA5B25A6B9E200205463 /* UISearchControllerExample.app */ = {isa = PBXFileReference; explicitFileType = wrapper.application; includeInIndex = 0; path = UISearchControllerExample.app; sourceTree = BUILT_PRODUCTS_DIR; };
		143EDA5E25A6B9E200205463 /* AppDelegate.swift */ = {isa = PBXFileReference; lastKnownFileType = sourcecode.swift; path = AppDelegate.swift; sourceTree = "<group>"; };
		143EDA6025A6B9E200205463 /* SceneDelegate.swift */ = {isa = PBXFileReference; lastKnownFileType = sourcecode.swift; path = SceneDelegate.swift; sourceTree = "<group>"; };
		143EDA6225A6B9E200205463 /* ViewController.swift */ = {isa = PBXFileReference; lastKnownFileType = sourcecode.swift; path = ViewController.swift; sourceTree = "<group>"; };
		143EDA6525A6B9E200205463 /* Base */ = {isa = PBXFileReference; lastKnownFileType = file.storyboard; name = Base; path = Base.lproj/Main.storyboard; sourceTree = "<group>"; };
		143EDA6725A6B9E400205463 /* Assets.xcassets */ = {isa = PBXFileReference; lastKnownFileType = folder.assetcatalog; path = Assets.xcassets; sourceTree = "<group>"; };
		143EDA6A25A6B9E400205463 /* Base */ = {isa = PBXFileReference; lastKnownFileType = file.storyboard; name = Base; path = Base.lproj/LaunchScreen.storyboard; sourceTree = "<group>"; };
		143EDA6C25A6B9E400205463 /* Info.plist */ = {isa = PBXFileReference; lastKnownFileType = text.plist.xml; path = Info.plist; sourceTree = "<group>"; };
		14E3F9F425A73AC500BF0879 /* ResultViewController.swift */ = {isa = PBXFileReference; lastKnownFileType = sourcecode.swift; path = ResultViewController.swift; sourceTree = "<group>"; };
/* End PBXFileReference section */

/* Begin PBXFrameworksBuildPhase section */
		143EDA5825A6B9E200205463 /* Frameworks */ = {
			isa = PBXFrameworksBuildPhase;
			buildActionMask = 2147483647;
			files = (
			);
			runOnlyForDeploymentPostprocessing = 0;
		};
/* End PBXFrameworksBuildPhase section */

/* Begin PBXGroup section */
		143EDA5225A6B9E200205463 = {
			isa = PBXGroup;
			children = (
				143EDA5D25A6B9E200205463 /* UISearchControllerExample */,
				143EDA5C25A6B9E200205463 /* Products */,
			);
			sourceTree = "<group>";
		};
		143EDA5C25A6B9E200205463 /* Products */ = {
			isa = PBXGroup;
			children = (
				143EDA5B25A6B9E200205463 /* UISearchControllerExample.app */,
			);
			name = Products;
			sourceTree = "<group>";
		};
		143EDA5D25A6B9E200205463 /* UISearchControllerExample */ = {
			isa = PBXGroup;
			children = (
				143EDA5E25A6B9E200205463 /* AppDelegate.swift */,
				143EDA6025A6B9E200205463 /* SceneDelegate.swift */,
				143EDA6225A6B9E200205463 /* ViewController.swift */,
				143EDA6425A6B9E200205463 /* Main.storyboard */,
				143EDA6725A6B9E400205463 /* Assets.xcassets */,
				143EDA6925A6B9E400205463 /* LaunchScreen.storyboard */,
				143EDA6C25A6B9E400205463 /* Info.plist */,
				14E3F9F425A73AC500BF0879 /* ResultViewController.swift */,
			);
			path = UISearchControllerExample;
			sourceTree = "<group>";
		};
/* End PBXGroup section */

/* Begin PBXNativeTarget section */
		143EDA5A25A6B9E200205463 /* UISearchControllerExample */ = {
			isa = PBXNativeTarget;
			buildConfigurationList = 143EDA6F25A6B9E400205463 /* Build configuration list for PBXNativeTarget "UISearchControllerExample" */;
			buildPhases = (
				143EDA5725A6B9E200205463 /* Sources */,
				143EDA5825A6B9E200205463 /* Frameworks */,
				143EDA5925A6B9E200205463 /* Resources */,
			);
			buildRules = (
			);
			dependencies = (
			);
			name = UISearchControllerExample;
			productName = UISearchControllerExample;
			productReference = 143EDA5B25A6B9E200205463 /* UISearchControllerExample.app */;
			productType = "com.apple.product-type.application";
		};
/* End PBXNativeTarget section */

/* Begin PBXProject section */
		143EDA5325A6B9E200205463 /* Project object */ = {
			isa = PBXProject;
			attributes = {
				LastSwiftUpdateCheck = 1220;
				LastUpgradeCheck = 1220;
				TargetAttributes = {
					143EDA5A25A6B9E200205463 = {
						CreatedOnToolsVersion = 12.2;
					};
				};
			};
			buildConfigurationList = 143EDA5625A6B9E200205463 /* Build configuration list for PBXProject "UISearchControllerExample" */;
			compatibilityVersion = "Xcode 9.3";
			developmentRegion = en;
			hasScannedForEncodings = 0;
			knownRegions = (
				en,
				Base,
			);
			mainGroup = 143EDA5225A6B9E200205463;
			productRefGroup = 143EDA5C25A6B9E200205463 /* Products */;
			projectDirPath = "";
			projectRoot = "";
			targets = (
				143EDA5A25A6B9E200205463 /* UISearchControllerExample */,
			);
		};
/* End PBXProject section */

/* Begin PBXResourcesBuildPhase section */
		143EDA5925A6B9E200205463 /* Resources */ = {
			isa = PBXResourcesBuildPhase;
			buildActionMask = 2147483647;
			files = (
				143EDA6B25A6B9E400205463 /* LaunchScreen.storyboard in Resources */,
				143EDA6825A6B9E400205463 /* Assets.xcassets in Resources */,
				143EDA6625A6B9E200205463 /* Main.storyboard in Resources */,
			);
			runOnlyForDeploymentPostprocessing = 0;
		};
/* End PBXResourcesBuildPhase section */

/* Begin PBXSourcesBuildPhase section */
		143EDA5725A6B9E200205463 /* Sources */ = {
			isa = PBXSourcesBuildPhase;
			buildActionMask = 2147483647;
			files = (
				143EDA6325A6B9E200205463 /* ViewController.swift in Sources */,
				143EDA5F25A6B9E200205463 /* AppDelegate.swift in Sources */,
				143EDA6125A6B9E200205463 /* SceneDelegate.swift in Sources */,
				14E3F9F525A73AC500BF0879 /* ResultViewController.swift in Sources */,
			);
			runOnlyForDeploymentPostprocessing = 0;
		};
/* End PBXSourcesBuildPhase section */

/* Begin PBXVariantGroup section */
		143EDA6425A6B9E200205463 /* Main.storyboard */ = {
			isa = PBXVariantGroup;
			children = (
				143EDA6525A6B9E200205463 /* Base */,
			);
			name = Main.storyboard;
			sourceTree = "<group>";
		};
		143EDA6925A6B9E400205463 /* LaunchScreen.storyboard */ = {
			isa = PBXVariantGroup;
			children = (
				143EDA6A25A6B9E400205463 /* Base */,
			);
			name = LaunchScreen.storyboard;
			sourceTree = "<group>";
		};
/* End PBXVariantGroup section */

/* Begin XCBuildConfiguration section */
		143EDA6D25A6B9E400205463 /* Debug */ = {
			isa = XCBuildConfiguration;
			buildSettings = {
				ALWAYS_SEARCH_USER_PATHS = NO;
				CLANG_ANALYZER_NONNULL = YES;
				CLANG_ANALYZER_NUMBER_OBJECT_CONVERSION = YES_AGGRESSIVE;
				CLANG_CXX_LANGUAGE_STANDARD = "gnu++14";
				CLANG_CXX_LIBRARY = "libc++";
				CLANG_ENABLE_MODULES = YES;
				CLANG_ENABLE_OBJC_ARC = YES;
				CLANG_ENABLE_OBJC_WEAK = YES;
				CLANG_WARN_BLOCK_CAPTURE_AUTORELEASING = YES;
				CLANG_WARN_BOOL_CONVERSION = YES;
				CLANG_WARN_COMMA = YES;
				CLANG_WARN_CONSTANT_CONVERSION = YES;
				CLANG_WARN_DEPRECATED_OBJC_IMPLEMENTATIONS = YES;
				CLANG_WARN_DIRECT_OBJC_ISA_USAGE = YES_ERROR;
				CLANG_WARN_DOCUMENTATION_COMMENTS = YES;
				CLANG_WARN_EMPTY_BODY = YES;
				CLANG_WARN_ENUM_CONVERSION = YES;
				CLANG_WARN_INFINITE_RECURSION = YES;
				CLANG_WARN_INT_CONVERSION = YES;
				CLANG_WARN_NON_LITERAL_NULL_CONVERSION = YES;
				CLANG_WARN_OBJC_IMPLICIT_RETAIN_SELF = YES;
				CLANG_WARN_OBJC_LITERAL_CONVERSION = YES;
				CLANG_WARN_OBJC_ROOT_CLASS = YES_ERROR;
				CLANG_WARN_QUOTED_INCLUDE_IN_FRAMEWORK_HEADER = YES;
				CLANG_WARN_RANGE_LOOP_ANALYSIS = YES;
				CLANG_WARN_STRICT_PROTOTYPES = YES;
				CLANG_WARN_SUSPICIOUS_MOVE = YES;
				CLANG_WARN_UNGUARDED_AVAILABILITY = YES_AGGRESSIVE;
				CLANG_WARN_UNREACHABLE_CODE = YES;
				CLANG_WARN__DUPLICATE_METHOD_MATCH = YES;
				COPY_PHASE_STRIP = NO;
				DEBUG_INFORMATION_FORMAT = dwarf;
				ENABLE_STRICT_OBJC_MSGSEND = YES;
				ENABLE_TESTABILITY = YES;
				GCC_C_LANGUAGE_STANDARD = gnu11;
				GCC_DYNAMIC_NO_PIC = NO;
				GCC_NO_COMMON_BLOCKS = YES;
				GCC_OPTIMIZATION_LEVEL = 0;
				GCC_PREPROCESSOR_DEFINITIONS = (
					"DEBUG=1",
					"$(inherited)",
				);
				GCC_WARN_64_TO_32_BIT_CONVERSION = YES;
				GCC_WARN_ABOUT_RETURN_TYPE = YES_ERROR;
				GCC_WARN_UNDECLARED_SELECTOR = YES;
				GCC_WARN_UNINITIALIZED_AUTOS = YES_AGGRESSIVE;
				GCC_WARN_UNUSED_FUNCTION = YES;
				GCC_WARN_UNUSED_VARIABLE = YES;
				IPHONEOS_DEPLOYMENT_TARGET = 14.2;
				MTL_ENABLE_DEBUG_INFO = INCLUDE_SOURCE;
				MTL_FAST_MATH = YES;
				ONLY_ACTIVE_ARCH = YES;
				SDKROOT = iphoneos;
				SWIFT_ACTIVE_COMPILATION_CONDITIONS = DEBUG;
				SWIFT_OPTIMIZATION_LEVEL = "-Onone";
			};
			name = Debug;
		};
		143EDA6E25A6B9E400205463 /* Release */ = {
			isa = XCBuildConfiguration;
			buildSettings = {
				ALWAYS_SEARCH_USER_PATHS = NO;
				CLANG_ANALYZER_NONNULL = YES;
				CLANG_ANALYZER_NUMBER_OBJECT_CONVERSION = YES_AGGRESSIVE;
				CLANG_CXX_LANGUAGE_STANDARD = "gnu++14";
				CLANG_CXX_LIBRARY = "libc++";
				CLANG_ENABLE_MODULES = YES;
				CLANG_ENABLE_OBJC_ARC = YES;
				CLANG_ENABLE_OBJC_WEAK = YES;
				CLANG_WARN_BLOCK_CAPTURE_AUTORELEASING = YES;
				CLANG_WARN_BOOL_CONVERSION = YES;
				CLANG_WARN_COMMA = YES;
				CLANG_WARN_CONSTANT_CONVERSION = YES;
				CLANG_WARN_DEPRECATED_OBJC_IMPLEMENTATIONS = YES;
				CLANG_WARN_DIRECT_OBJC_ISA_USAGE = YES_ERROR;
				CLANG_WARN_DOCUMENTATION_COMMENTS = YES;
				CLANG_WARN_EMPTY_BODY = YES;
				CLANG_WARN_ENUM_CONVERSION = YES;
				CLANG_WARN_INFINITE_RECURSION = YES;
				CLANG_WARN_INT_CONVERSION = YES;
				CLANG_WARN_NON_LITERAL_NULL_CONVERSION = YES;
				CLANG_WARN_OBJC_IMPLICIT_RETAIN_SELF = YES;
				CLANG_WARN_OBJC_LITERAL_CONVERSION = YES;
				CLANG_WARN_OBJC_ROOT_CLASS = YES_ERROR;
				CLANG_WARN_QUOTED_INCLUDE_IN_FRAMEWORK_HEADER = YES;
				CLANG_WARN_RANGE_LOOP_ANALYSIS = YES;
				CLANG_WARN_STRICT_PROTOTYPES = YES;
				CLANG_WARN_SUSPICIOUS_MOVE = YES;
				CLANG_WARN_UNGUARDED_AVAILABILITY = YES_AGGRESSIVE;
				CLANG_WARN_UNREACHABLE_CODE = YES;
				CLANG_WARN__DUPLICATE_METHOD_MATCH = YES;
				COPY_PHASE_STRIP = NO;
				DEBUG_INFORMATION_FORMAT = "dwarf-with-dsym";
				ENABLE_NS_ASSERTIONS = NO;
				ENABLE_STRICT_OBJC_MSGSEND = YES;
				GCC_C_LANGUAGE_STANDARD = gnu11;
				GCC_NO_COMMON_BLOCKS = YES;
				GCC_WARN_64_TO_32_BIT_CONVERSION = YES;
				GCC_WARN_ABOUT_RETURN_TYPE = YES_ERROR;
				GCC_WARN_UNDECLARED_SELECTOR = YES;
				GCC_WARN_UNINITIALIZED_AUTOS = YES_AGGRESSIVE;
				GCC_WARN_UNUSED_FUNCTION = YES;
				GCC_WARN_UNUSED_VARIABLE = YES;
				IPHONEOS_DEPLOYMENT_TARGET = 14.2;
				MTL_ENABLE_DEBUG_INFO = NO;
				MTL_FAST_MATH = YES;
				SDKROOT = iphoneos;
				SWIFT_COMPILATION_MODE = wholemodule;
				SWIFT_OPTIMIZATION_LEVEL = "-O";
				VALIDATE_PRODUCT = YES;
			};
			name = Release;
		};
		143EDA7025A6B9E400205463 /* Debug */ = {
			isa = XCBuildConfiguration;
			buildSettings = {
				ASSETCATALOG_COMPILER_APPICON_NAME = AppIcon;
				ASSETCATALOG_COMPILER_GLOBAL_ACCENT_COLOR_NAME = AccentColor;
				CODE_SIGN_STYLE = Automatic;
				DEVELOPMENT_TEAM = 9BD2FZATPN;
				INFOPLIST_FILE = UISearchControllerExample/Info.plist;
				LD_RUNPATH_SEARCH_PATHS = (
					"$(inherited)",
					"@executable_path/Frameworks",
				);
				PRODUCT_BUNDLE_IDENTIFIER = Zedd.GcommIT.UISearchControllerExample;
				PRODUCT_NAME = "$(TARGET_NAME)";
				SWIFT_VERSION = 5.0;
				TARGETED_DEVICE_FAMILY = "1,2";
			};
			name = Debug;
		};
		143EDA7125A6B9E400205463 /* Release */ = {
			isa = XCBuildConfiguration;
			buildSettings = {
				ASSETCATALOG_COMPILER_APPICON_NAME = AppIcon;
				ASSETCATALOG_COMPILER_GLOBAL_ACCENT_COLOR_NAME = AccentColor;
				CODE_SIGN_STYLE = Automatic;
				DEVELOPMENT_TEAM = 9BD2FZATPN;
				INFOPLIST_FILE = UISearchControllerExample/Info.plist;
				LD_RUNPATH_SEARCH_PATHS = (
					"$(inherited)",
					"@executable_path/Frameworks",
				);
				PRODUCT_BUNDLE_IDENTIFIER = Zedd.GcommIT.UISearchControllerExample;
				PRODUCT_NAME = "$(TARGET_NAME)";
				SWIFT_VERSION = 5.0;
				TARGETED_DEVICE_FAMILY = "1,2";
			};
			name = Release;
		};
/* End XCBuildConfiguration section */

/* Begin XCConfigurationList section */
		143EDA5625A6B9E200205463 /* Build configuration list for PBXProject "UISearchControllerExample" */ = {
			isa = XCConfigurationList;
			buildConfigurations = (
				143EDA6D25A6B9E400205463 /* Debug */,
				143EDA6E25A6B9E400205463 /* Release */,
			);
			defaultConfigurationIsVisible = 0;
			defaultConfigurationName = Release;
		};
		143EDA6F25A6B9E400205463 /* Build configuration list for PBXNativeTarget "UISearchControllerExample" */ = {
			isa = XCConfigurationList;
			buildConfigurations = (
				143EDA7025A6B9E400205463 /* Debug */,
				143EDA7125A6B9E400205463 /* Release */,
			);
			defaultConfigurationIsVisible = 0;
			defaultConfigurationName = Release;
		};
/* End XCConfigurationList section */
	};
	rootObject = 143EDA5325A6B9E200205463 /* Project object */;
}
